
Microsoft Visual Studio Solution File, Format Version 12.00
# Visual Studio Version 17
VisualStudioVersion = 17.8.34511.84
MinimumVisualStudioVersion = 10.0.40219.1
Project("{FAE04EC0-301F-11D3-BF4B-00C04F79EFBC}") = "console1", "console1.csproj", "{7A33707A-C451-4ACB-8851-D6D68276FF6A}"
EndProject
Project("{FAE04EC0-301F-11D3-BF4B-00C04F79EFBC}") = "console2", "..\console2\console2.csproj", "{64231C67-5CC0-41FA-B930-0E4D1B31837C}"
EndProject
Project("{FAE04EC0-301F-11D3-BF4B-00C04F79EFBC}") = "console3", "..\console3\console3.csproj", "{E2CEFE1F-B3FA-49C8-AD40-41149375C3C6}"
EndProject
Global
	GlobalSection(SolutionConfigurationPlatforms) = preSolution
		Debug|Any CPU = Debug|Any CPU
		Release|Any CPU = Release|Any CPU
	EndGlobalSection
	GlobalSection(ProjectConfigurationPlatforms) = postSolution
		{7A33707A-C451-4ACB-8851-D6D68276FF6A}.Debug|Any CPU.ActiveCfg = Debug|Any CPU
		{7A33707A-C451-4ACB-8851-D6D68276FF6A}.Debug|Any CPU.Build.0 = Debug|Any CPU
		{7A33707A-C451-4ACB-8851-D6D68276FF6A}.Release|Any CPU.ActiveCfg = Release|Any CPU
		{7A33707A-C451-4ACB-8851-D6D68276FF6A}.Release|Any CPU.Build.0 = Release|Any CPU
		{64231C67-5CC0-41FA-B930-0E4D1B31837C}.Debug|Any CPU.ActiveCfg = Debug|Any CPU
		{64231C67-5CC0-41FA-B930-0E4D1B31837C}.Debug|Any CPU.Build.0 = Debug|Any CPU
		{64231C67-5CC0-41FA-B930-0E4D1B31837C}.Release|Any CPU.ActiveCfg = Release|Any CPU
		{64231C67-5CC0-41FA-B930-0E4D1B31837C}.Release|Any CPU.Build.0 = Release|Any CPU
		{E2CEFE1F-B3FA-49C8-AD40-41149375C3C6}.Debug|Any CPU.ActiveCfg = Debug|Any CPU
		{E2CEFE1F-B3FA-49C8-AD40-41149375C3C6}.Debug|Any CPU.Build.0 = Debug|Any CPU
		{E2CEFE1F-B3FA-49C8-AD40-41149375C3C6}.Release|Any CPU.ActiveCfg = Release|Any CPU
		{E2CEFE1F-B3FA-49C8-AD40-41149375C3C6}.Release|Any CPU.Build.0 = Release|Any CPU
	EndGlobalSection
	GlobalSection(SolutionProperties) = preSolution
		HideSolutionNode = FALSE
	EndGlobalSection
	GlobalSection(ExtensibilityGlobals) = postSolution
		SolutionGuid = {BCA5715A-D942-485D-9AF3-70B5695B5CBB}
	EndGlobalSection
EndGlobal
