
Microsoft Visual Studio Solution File, Format Version 12.00
# Visual Studio Version 17
VisualStudioVersion = 17.9.34607.119
MinimumVisualStudioVersion = 10.0.40219.1
Project("{FAE04EC0-301F-11D3-BF4B-00C04F79EFBC}") = "conditional1", "conditional1\conditional1.csproj", "{A081DF6E-04C3-42CA-B391-99EB9A79A0FA}"
EndProject
Project("{FAE04EC0-301F-11D3-BF4B-00C04F79EFBC}") = "conditional2", "conditional2\conditional2.csproj", "{BA51C477-4377-4837-9E9A-C5CABC5A369F}"
EndProject
Project("{FAE04EC0-301F-11D3-BF4B-00C04F79EFBC}") = "conditional3", "conditional3\conditional3.csproj", "{10912475-12DD-4DB9-93F5-FE43981505C7}"
EndProject
Project("{FAE04EC0-301F-11D3-BF4B-00C04F79EFBC}") = "iteration1", "iteration1\iteration1.csproj", "{06AD2E9A-B5D3-44E5-AE9C-8804CF4617A4}"
EndProject
Project("{FAE04EC0-301F-11D3-BF4B-00C04F79EFBC}") = "iteration2", "iteration2\iteration2.csproj", "{770DD3D5-57BA-47E1-B7CD-6A11B20C0001}"
EndProject
Project("{FAE04EC0-301F-11D3-BF4B-00C04F79EFBC}") = "iteration3", "iteration3\iteration3.csproj", "{D1AB03B3-0006-4DC2-B16C-D6F19590565A}"
EndProject
Global
	GlobalSection(SolutionConfigurationPlatforms) = preSolution
		Debug|Any CPU = Debug|Any CPU
		Release|Any CPU = Release|Any CPU
	EndGlobalSection
	GlobalSection(ProjectConfigurationPlatforms) = postSolution
		{A081DF6E-04C3-42CA-B391-99EB9A79A0FA}.Debug|Any CPU.ActiveCfg = Debug|Any CPU
		{A081DF6E-04C3-42CA-B391-99EB9A79A0FA}.Debug|Any CPU.Build.0 = Debug|Any CPU
		{A081DF6E-04C3-42CA-B391-99EB9A79A0FA}.Release|Any CPU.ActiveCfg = Release|Any CPU
		{A081DF6E-04C3-42CA-B391-99EB9A79A0FA}.Release|Any CPU.Build.0 = Release|Any CPU
		{BA51C477-4377-4837-9E9A-C5CABC5A369F}.Debug|Any CPU.ActiveCfg = Debug|Any CPU
		{BA51C477-4377-4837-9E9A-C5CABC5A369F}.Debug|Any CPU.Build.0 = Debug|Any CPU
		{BA51C477-4377-4837-9E9A-C5CABC5A369F}.Release|Any CPU.ActiveCfg = Release|Any CPU
		{BA51C477-4377-4837-9E9A-C5CABC5A369F}.Release|Any CPU.Build.0 = Release|Any CPU
		{10912475-12DD-4DB9-93F5-FE43981505C7}.Debug|Any CPU.ActiveCfg = Debug|Any CPU
		{10912475-12DD-4DB9-93F5-FE43981505C7}.Debug|Any CPU.Build.0 = Debug|Any CPU
		{10912475-12DD-4DB9-93F5-FE43981505C7}.Release|Any CPU.ActiveCfg = Release|Any CPU
		{10912475-12DD-4DB9-93F5-FE43981505C7}.Release|Any CPU.Build.0 = Release|Any CPU
		{06AD2E9A-B5D3-44E5-AE9C-8804CF4617A4}.Debug|Any CPU.ActiveCfg = Debug|Any CPU
		{06AD2E9A-B5D3-44E5-AE9C-8804CF4617A4}.Debug|Any CPU.Build.0 = Debug|Any CPU
		{06AD2E9A-B5D3-44E5-AE9C-8804CF4617A4}.Release|Any CPU.ActiveCfg = Release|Any CPU
		{06AD2E9A-B5D3-44E5-AE9C-8804CF4617A4}.Release|Any CPU.Build.0 = Release|Any CPU
		{770DD3D5-57BA-47E1-B7CD-6A11B20C0001}.Debug|Any CPU.ActiveCfg = Debug|Any CPU
		{770DD3D5-57BA-47E1-B7CD-6A11B20C0001}.Debug|Any CPU.Build.0 = Debug|Any CPU
		{770DD3D5-57BA-47E1-B7CD-6A11B20C0001}.Release|Any CPU.ActiveCfg = Release|Any CPU
		{770DD3D5-57BA-47E1-B7CD-6A11B20C0001}.Release|Any CPU.Build.0 = Release|Any CPU
		{D1AB03B3-0006-4DC2-B16C-D6F19590565A}.Debug|Any CPU.ActiveCfg = Debug|Any CPU
		{D1AB03B3-0006-4DC2-B16C-D6F19590565A}.Debug|Any CPU.Build.0 = Debug|Any CPU
		{D1AB03B3-0006-4DC2-B16C-D6F19590565A}.Release|Any CPU.ActiveCfg = Release|Any CPU
		{D1AB03B3-0006-4DC2-B16C-D6F19590565A}.Release|Any CPU.Build.0 = Release|Any CPU
	EndGlobalSection
	GlobalSection(SolutionProperties) = preSolution
		HideSolutionNode = FALSE
	EndGlobalSection
	GlobalSection(ExtensibilityGlobals) = postSolution
		SolutionGuid = {99C1C0E6-37BD-4FC0-81B5-6D0A5E60E689}
	EndGlobalSection
EndGlobal
